<?xml version="1.0" encoding="utf-8"?>
<Project ToolsVersion="4.0" xmlns="http://schemas.microsoft.com/developer/msbuild/2003">
  <ItemGroup>
    <ClCompile Include="..\src\book.cpp">
      <Filter>Source Files</Filter>
    </ClCompile>
    <ClCompile Include="..\src\endgame.cpp">
      <Filter>Source Files</Filter>
    </ClCompile>
    <ClCompile Include="..\src\evaluate.cpp">
      <Filter>Source Files</Filter>
    </ClCompile>
    <ClCompile Include="..\src\init.cpp">
      <Filter>Source Files</Filter>
    </ClCompile>
    <ClCompile Include="..\src\main.cpp">
      <Filter>Source Files</Filter>
    </ClCompile>
    <ClCompile Include="..\src\material.cpp">
      <Filter>Source Files</Filter>
    </ClCompile>
    <ClCompile Include="..\src\misc.cpp">
      <Filter>Source Files</Filter>
    </ClCompile>
    <ClCompile Include="..\src\movegen.cpp">
      <Filter>Source Files</Filter>
    </ClCompile>
    <ClCompile Include="..\src\movepick.cpp">
      <Filter>Source Files</Filter>
    </ClCompile>
    <ClCompile Include="..\src\pawns.cpp">
      <Filter>Source Files</Filter>
    </ClCompile>
    <ClCompile Include="..\src\position.cpp">
      <Filter>Source Files</Filter>
    </ClCompile>
    <ClCompile Include="..\src\psqt.cpp">
      <Filter>Source Files</Filter>
    </ClCompile>
    <ClCompile Include="..\src\search.cpp">
      <Filter>Source Files</Filter>
    </ClCompile>
    <ClCompile Include="..\src\thread.cpp">
      <Filter>Source Files</Filter>
    </ClCompile>
    <ClCompile Include="..\src\timeman.cpp">
      <Filter>Source Files</Filter>
    </ClCompile>
    <ClCompile Include="..\src\tt.cpp">
      <Filter>Source Files</Filter>
    </ClCompile>
    <ClCompile Include="..\src\uci.cpp">
      <Filter>Source Files</Filter>
    </ClCompile>
    <ClCompile Include="..\src\ucioption.cpp">
      <Filter>Source Files</Filter>
    </ClCompile>
    <ClCompile Include="..\src\benchmark.cpp">
      <Filter>Source Files</Filter>
    </ClCompile>
  </ItemGroup>
  <ItemGroup>
    <ClInclude Include="..\src\bitcount.h">
      <Filter>Header Files</Filter>
    </ClInclude>
    <ClInclude Include="..\src\bitboard.h">
      <Filter>Header Files</Filter>
    </ClInclude>
    <ClInclude Include="..\src\book.h">
      <Filter>Header Files</Filter>
    </ClInclude>
    <ClInclude Include="..\src\endgame.h">
      <Filter>Header Files</Filter>
    </ClInclude>
    <ClInclude Include="..\src\evaluate.h">
      <Filter>Header Files</Filter>
    </ClInclude>
    <ClInclude Include="..\src\init.h">
      <Filter>Header Files</Filter>
    </ClInclude>
    <ClInclude Include="..\src\magics.h">
      <Filter>Header Files</Filter>
    </ClInclude>
    <ClInclude Include="..\src\material.h">
      <Filter>Header Files</Filter>
    </ClInclude>
    <ClInclude Include="..\src\misc.h">
      <Filter>Header Files</Filter>
    </ClInclude>
    <ClInclude Include="..\src\movegen.h">
      <Filter>Header Files</Filter>
    </ClInclude>
    <ClInclude Include="..\src\movepick.h">
      <Filter>Header Files</Filter>
    </ClInclude>
    <ClInclude Include="..\src\pawns.h">
      <Filter>Header Files</Filter>
    </ClInclude>
    <ClInclude Include="..\src\position.h">
      <Filter>Header Files</Filter>
    </ClInclude>
    <ClInclude Include="..\src\rkiss.h">
      <Filter>Header Files</Filter>
    </ClInclude>
    <ClInclude Include="..\src\search.h">
      <Filter>Header Files</Filter>
    </ClInclude>
    <ClInclude Include="..\src\thread.h">
      <Filter>Header Files</Filter>
    </ClInclude>
    <ClInclude Include="..\src\timeman.h">
      <Filter>Header Files</Filter>
    </ClInclude>
    <ClInclude Include="..\src\tt.h">
      <Filter>Header Files</Filter>
    </ClInclude>
    <ClInclude Include="..\src\types.h">
      <Filter>Header Files</Filter>
    </ClInclude>
    <ClInclude Include="..\src\uci.h">
      <Filter>Header Files</Filter>
    </ClInclude>
  </ItemGroup>
  <ItemGroup>
    <Filter Include="Source Files">
      <UniqueIdentifier>{028085bf-c452-44f6-87f2-4e125ed24007}</UniqueIdentifier>
    </Filter>
    <Filter Include="Header Files">
      <UniqueIdentifier>{6aed8a70-9553-4779-a2f0-229a4f1a1811}</UniqueIdentifier>
    </Filter>
  </ItemGroup>
</Project>